github.com/Unknwon/cae v1.0.0 h1:ShCEr694Y/7tORgGSWCIYmfUH9f+WT7btcCSHpRYffg=
github.com/Unknwon/cae v1.0.0/go.mod h1:IRSre9/SEhVuy972TVuJLyaPTS73+8Owhe0Y0l9NXHc=
github.com/fuxiaohei/GoInk v0.0.0-20140224144957-4445df3ba23b h1:kCIDASsphBSh/BFIPv6Dr4Dy5bfy0Jyi9LHvIKVK3Bo=
github.com/fuxiaohei/GoInk v0.0.0-20140224144957-4445df3ba23b/go.mod h1:aAuvqKMUVmgiLbDZ7HuWRK+cBEEXBZYENGVv6Jbjs3k=
github.com/russross/blackfriday v1.5.2 h1:HyvC0ARfnZBqnXwABFeSZHpKvJHJJfPz81GNueLj0oo=
github.com/russross/blackfriday v1.5.2/go.mod h1:JO/DiYxRf+HjHt06OyowR9PTA263kcR/rfWxYHBV53g=
github.com/unknwon/cae v1.0.0 h1:i39lOFaBXZxhGjQOy/RNbi8uzettCs6OQxpR0xXohGU=
github.com/unknwon/cae v1.0.0/go.mod h1:QaSeRctcea9fK6piJpAMCCPKxzJ01+xFcr2k1m3WRPU=
